
Microsoft Visual Studio Solution File, Format Version 12.00
# Visual Studio Version 17
VisualStudioVersion = 17.13.35818.85 d17.13
MinimumVisualStudioVersion = 10.0.40219.1
Project("{FAE04EC0-301F-11D3-BF4B-00C04F79EFBC}") = "MvcMovie", "MvcMovie\MvcMovie.csproj", "{8CD682C1-062D-4504-B4C0-74049A58ABAA}"
EndProject
Global
	GlobalSection(SolutionConfigurationPlatforms) = preSolution
		Debug|Any CPU = Debug|Any CPU
		Release|Any CPU = Release|Any CPU
	EndGlobalSection
	GlobalSection(ProjectConfigurationPlatforms) = postSolution
		{8CD682C1-062D-4504-B4C0-74049A58ABAA}.Debug|Any CPU.ActiveCfg = Debug|Any CPU
		{8CD682C1-062D-4504-B4C0-74049A58ABAA}.Debug|Any CPU.Build.0 = Debug|Any CPU
		{8CD682C1-062D-4504-B4C0-74049A58ABAA}.Release|Any CPU.ActiveCfg = Release|Any CPU
		{8CD682C1-062D-4504-B4C0-74049A58ABAA}.Release|Any CPU.Build.0 = Release|Any CPU
	EndGlobalSection
	GlobalSection(SolutionProperties) = preSolution
		HideSolutionNode = FALSE
	EndGlobalSection
	GlobalSection(ExtensibilityGlobals) = postSolution
		SolutionGuid = {9D931C8B-8AD5-40AB-9239-538023C20CC6}
	EndGlobalSection
EndGlobal
